github.com/a-h/templ v0.2.364 h1:4vseUATyAzacrOOU1jPmLfkxet6Yg/NAmsA/4rDDhfo=
github.com/a-h/templ v0.2.364/go.mod h1:6Lfhsl3Z4/vXl7jjEjkJRCqoWDGjDnuKgzjYMDSddas=
github.com/aclements/go-moremath v0.0.0-20210112150236-f10218a38794 h1:xlwdaKcTNVW4PtpQb8aKA4Pjy0CdJHEqvFbAnvR5m2g=
github.com/aclements/go-moremath v0.0.0-20210112150236-f10218a38794/go.mod h1:7e+I0LQFUI9AXWxOfsQROs9xPhoJtbsyWcjJqDd4KPY=
github.com/google/go-cmp v0.5.9 h1:O2Tfq5qg4qc4AmwVlvv0oLiVAGB7enBSJ2x2DqQFi38=
github.com/google/go-cmp v0.5.9/go.mod h1:17dUlkBOakJ0+DkrSSNjCkIjxS6bF9zb3elmeNGIjoY=
golang.org/x/perf v0.0.0-20231006134539-cd219cffda85 h1:TTE4QVbOEiTwey734kAI878uRc0RyeTaJ87R8N/fMvw=
golang.org/x/perf v0.0.0-20231006134539-cd219cffda85/go.mod h1:NawcRqSKhnlxmkAHrtF0TNcqXnJo30jVUPvzQDx214s=
